# This file was autogenerated by Stack.
# You should not edit this file by hand.
# For more information, please see the documentation at:
#   https://docs.haskellstack.org/en/stable/lock_files

packages:
- completed:
    hackage: sscript-0.1.0.2@sha256:1ec0793915ed3c4efc5dc8d7e49f0d8273011253e254bda32114693d875ca2ee,1041
    pantry-tree:
      size: 337
      sha256: 9100fad740a90ef272c11ceb7648968dbca0c1127bfb2c3380316241ecf869ca
  original:
    hackage: sscript-0.1.0.2@sha256:1ec0793915ed3c4efc5dc8d7e49f0d8273011253e254bda32114693d875ca2ee
snapshots:
- completed:
    size: 524127
    url: https://raw.githubusercontent.com/commercialhaskell/stackage-snapshots/master/lts/14/6.yaml
    sha256: dc70dfb45e2c32f54719819bd055f46855dd4b3bd2e58b9f3f38729a2d553fbb
  original: lts-14.6
